
Microsoft Visual Studio Solution File, Format Version 12.00
# Visual Studio Version 16
VisualStudioVersion = 16.0.30523.141
MinimumVisualStudioVersion = 10.0.40219.1
Project("{8BC9CEB8-8B4A-11D0-8D11-00A0C91BC942}") = "lab_of_IS_3", "lab_of_IS_3\lab_of_IS_3.vcxproj", "{BA82D261-C628-4F1A-A5FA-EF1B6F557DA5}"
EndProject
Global
	GlobalSection(SolutionConfigurationPlatforms) = preSolution
		Debug|x64 = Debug|x64
		Debug|x86 = Debug|x86
		Release|x64 = Release|x64
		Release|x86 = Release|x86
	EndGlobalSection
	GlobalSection(ProjectConfigurationPlatforms) = postSolution
		{BA82D261-C628-4F1A-A5FA-EF1B6F557DA5}.Debug|x64.ActiveCfg = Debug|x64
		{BA82D261-C628-4F1A-A5FA-EF1B6F557DA5}.Debug|x64.Build.0 = Debug|x64
		{BA82D261-C628-4F1A-A5FA-EF1B6F557DA5}.Debug|x86.ActiveCfg = Debug|Win32
		{BA82D261-C628-4F1A-A5FA-EF1B6F557DA5}.Debug|x86.Build.0 = Debug|Win32
		{BA82D261-C628-4F1A-A5FA-EF1B6F557DA5}.Release|x64.ActiveCfg = Release|x64
		{BA82D261-C628-4F1A-A5FA-EF1B6F557DA5}.Release|x64.Build.0 = Release|x64
		{BA82D261-C628-4F1A-A5FA-EF1B6F557DA5}.Release|x86.ActiveCfg = Release|Win32
		{BA82D261-C628-4F1A-A5FA-EF1B6F557DA5}.Release|x86.Build.0 = Release|Win32
	EndGlobalSection
	GlobalSection(SolutionProperties) = preSolution
		HideSolutionNode = FALSE
	EndGlobalSection
	GlobalSection(ExtensibilityGlobals) = postSolution
		SolutionGuid = {7018DCA7-71D7-43CE-87E6-1D632B17128E}
	EndGlobalSection
EndGlobal
